// !$*UTF8*$!
{
	archiveVersion = 1;
	classes = {
	};
	objectVersion = 56;
	objects = {

/* Begin PBXBuildFile section */
		507DA9ED291D5F3D005BC675 /* TabBarViewController.swift in Sources */ = {isa = PBXBuildFile; fileRef = 507DA9EC291D5F3D005BC675 /* TabBarViewController.swift */; };
		50EC7D84291BE62F0067648D /* AppDelegate.swift in Sources */ = {isa = PBXBuildFile; fileRef = 50EC7D83291BE62F0067648D /* AppDelegate.swift */; };
		50EC7D86291BE62F0067648D /* SceneDelegate.swift in Sources */ = {isa = PBXBuildFile; fileRef = 50EC7D85291BE62F0067648D /* SceneDelegate.swift */; };
		50EC7D8B291BE62F0067648D /* Main.storyboard in Resources */ = {isa = PBXBuildFile; fileRef = 50EC7D89291BE62F0067648D /* Main.storyboard */; };
		50EC7D8D291BE6300067648D /* Assets.xcassets in Resources */ = {isa = PBXBuildFile; fileRef = 50EC7D8C291BE6300067648D /* Assets.xcassets */; };
		50EC7D90291BE6300067648D /* LaunchScreen.storyboard in Resources */ = {isa = PBXBuildFile; fileRef = 50EC7D8E291BE6300067648D /* LaunchScreen.storyboard */; };
		50EC7D9B291BE70B0067648D /* Person.swift in Sources */ = {isa = PBXBuildFile; fileRef = 50EC7D9A291BE70B0067648D /* Person.swift */; };
		50EC7DA5291BE96B0067648D /* DataStore.swift in Sources */ = {isa = PBXBuildFile; fileRef = 50EC7DA4291BE96B0067648D /* DataStore.swift */; };
		50EC7DA7291BF5190067648D /* ContactListOneViewController.swift in Sources */ = {isa = PBXBuildFile; fileRef = 50EC7DA6291BF5190067648D /* ContactListOneViewController.swift */; };
		50EC7DA9291C0D6E0067648D /* PersonInfoViewController.swift in Sources */ = {isa = PBXBuildFile; fileRef = 50EC7DA8291C0D6E0067648D /* PersonInfoViewController.swift */; };
/* End PBXBuildFile section */

/* Begin PBXFileReference section */
		507DA9EC291D5F3D005BC675 /* TabBarViewController.swift */ = {isa = PBXFileReference; lastKnownFileType = sourcecode.swift; path = TabBarViewController.swift; sourceTree = "<group>"; };
		50EC7D80291BE62F0067648D /* PersonsListApp.app */ = {isa = PBXFileReference; explicitFileType = wrapper.application; includeInIndex = 0; path = PersonsListApp.app; sourceTree = BUILT_PRODUCTS_DIR; };
		50EC7D83291BE62F0067648D /* AppDelegate.swift */ = {isa = PBXFileReference; lastKnownFileType = sourcecode.swift; path = AppDelegate.swift; sourceTree = "<group>"; };
		50EC7D85291BE62F0067648D /* SceneDelegate.swift */ = {isa = PBXFileReference; lastKnownFileType = sourcecode.swift; path = SceneDelegate.swift; sourceTree = "<group>"; };
		50EC7D8A291BE62F0067648D /* Base */ = {isa = PBXFileReference; lastKnownFileType = file.storyboard; name = Base; path = Base.lproj/Main.storyboard; sourceTree = "<group>"; };
		50EC7D8C291BE6300067648D /* Assets.xcassets */ = {isa = PBXFileReference; lastKnownFileType = folder.assetcatalog; path = Assets.xcassets; sourceTree = "<group>"; };
		50EC7D8F291BE6300067648D /* Base */ = {isa = PBXFileReference; lastKnownFileType = file.storyboard; name = Base; path = Base.lproj/LaunchScreen.storyboard; sourceTree = "<group>"; };
		50EC7D91291BE6300067648D /* Info.plist */ = {isa = PBXFileReference; lastKnownFileType = text.plist.xml; path = Info.plist; sourceTree = "<group>"; };
		50EC7D9A291BE70B0067648D /* Person.swift */ = {isa = PBXFileReference; lastKnownFileType = sourcecode.swift; path = Person.swift; sourceTree = "<group>"; };
		50EC7DA4291BE96B0067648D /* DataStore.swift */ = {isa = PBXFileReference; lastKnownFileType = sourcecode.swift; path = DataStore.swift; sourceTree = "<group>"; };
		50EC7DA6291BF5190067648D /* ContactListOneViewController.swift */ = {isa = PBXFileReference; lastKnownFileType = sourcecode.swift; path = ContactListOneViewController.swift; sourceTree = "<group>"; };
		50EC7DA8291C0D6E0067648D /* PersonInfoViewController.swift */ = {isa = PBXFileReference; lastKnownFileType = sourcecode.swift; path = PersonInfoViewController.swift; sourceTree = "<group>"; };
/* End PBXFileReference section */

/* Begin PBXFrameworksBuildPhase section */
		50EC7D7D291BE62F0067648D /* Frameworks */ = {
			isa = PBXFrameworksBuildPhase;
			buildActionMask = 2147483647;
			files = (
			);
			runOnlyForDeploymentPostprocessing = 0;
		};
/* End PBXFrameworksBuildPhase section */

/* Begin PBXGroup section */
		50EC7D77291BE62F0067648D = {
			isa = PBXGroup;
			children = (
				50EC7D82291BE62F0067648D /* PersonsListApp */,
				50EC7D81291BE62F0067648D /* Products */,
			);
			sourceTree = "<group>";
		};
		50EC7D81291BE62F0067648D /* Products */ = {
			isa = PBXGroup;
			children = (
				50EC7D80291BE62F0067648D /* PersonsListApp.app */,
			);
			name = Products;
			sourceTree = "<group>";
		};
		50EC7D82291BE62F0067648D /* PersonsListApp */ = {
			isa = PBXGroup;
			children = (
				50EC7D9C291BE7120067648D /* Models */,
				50EC7DA1291BE8CF0067648D /* Services */,
				50EC7D98291BE69F0067648D /* ViewControllers */,
				50EC7D99291BE6D70067648D /* Storyboards */,
				50EC7D97291BE6880067648D /* Delegates */,
				50EC7D8C291BE6300067648D /* Assets.xcassets */,
				50EC7D91291BE6300067648D /* Info.plist */,
			);
			path = PersonsListApp;
			sourceTree = "<group>";
		};
		50EC7D97291BE6880067648D /* Delegates */ = {
			isa = PBXGroup;
			children = (
				50EC7D83291BE62F0067648D /* AppDelegate.swift */,
				50EC7D85291BE62F0067648D /* SceneDelegate.swift */,
			);
			path = Delegates;
			sourceTree = "<group>";
		};
		50EC7D98291BE69F0067648D /* ViewControllers */ = {
			isa = PBXGroup;
			children = (
				507DA9EC291D5F3D005BC675 /* TabBarViewController.swift */,
				50EC7DA6291BF5190067648D /* ContactListOneViewController.swift */,
				50EC7DA8291C0D6E0067648D /* PersonInfoViewController.swift */,
			);
			path = ViewControllers;
			sourceTree = "<group>";
		};
		50EC7D99291BE6D70067648D /* Storyboards */ = {
			isa = PBXGroup;
			children = (
				50EC7D89291BE62F0067648D /* Main.storyboard */,
				50EC7D8E291BE6300067648D /* LaunchScreen.storyboard */,
			);
			path = Storyboards;
			sourceTree = "<group>";
		};
		50EC7D9C291BE7120067648D /* Models */ = {
			isa = PBXGroup;
			children = (
				50EC7D9A291BE70B0067648D /* Person.swift */,
			);
			path = Models;
			sourceTree = "<group>";
		};
		50EC7DA1291BE8CF0067648D /* Services */ = {
			isa = PBXGroup;
			children = (
				50EC7DA4291BE96B0067648D /* DataStore.swift */,
			);
			path = Services;
			sourceTree = "<group>";
		};
/* End PBXGroup section */

/* Begin PBXNativeTarget section */
		50EC7D7F291BE62F0067648D /* PersonsListApp */ = {
			isa = PBXNativeTarget;
			buildConfigurationList = 50EC7D94291BE6300067648D /* Build configuration list for PBXNativeTarget "PersonsListApp" */;
			buildPhases = (
				50EC7D7C291BE62F0067648D /* Sources */,
				50EC7D7D291BE62F0067648D /* Frameworks */,
				50EC7D7E291BE62F0067648D /* Resources */,
			);
			buildRules = (
			);
			dependencies = (
			);
			name = PersonsListApp;
			productName = PersonsListApp;
			productReference = 50EC7D80291BE62F0067648D /* PersonsListApp.app */;
			productType = "com.apple.product-type.application";
		};
/* End PBXNativeTarget section */

/* Begin PBXProject section */
		50EC7D78291BE62F0067648D /* Project object */ = {
			isa = PBXProject;
			attributes = {
				BuildIndependentTargetsInParallel = 1;
				LastSwiftUpdateCheck = 1410;
				LastUpgradeCheck = 1410;
				TargetAttributes = {
					50EC7D7F291BE62F0067648D = {
						CreatedOnToolsVersion = 14.1;
					};
				};
			};
			buildConfigurationList = 50EC7D7B291BE62F0067648D /* Build configuration list for PBXProject "PersonsListApp" */;
			compatibilityVersion = "Xcode 14.0";
			developmentRegion = en;
			hasScannedForEncodings = 0;
			knownRegions = (
				en,
				Base,
			);
			mainGroup = 50EC7D77291BE62F0067648D;
			productRefGroup = 50EC7D81291BE62F0067648D /* Products */;
			projectDirPath = "";
			projectRoot = "";
			targets = (
				50EC7D7F291BE62F0067648D /* PersonsListApp */,
			);
		};
/* End PBXProject section */

/* Begin PBXResourcesBuildPhase section */
		50EC7D7E291BE62F0067648D /* Resources */ = {
			isa = PBXResourcesBuildPhase;
			buildActionMask = 2147483647;
			files = (
				50EC7D90291BE6300067648D /* LaunchScreen.storyboard in Resources */,
				50EC7D8D291BE6300067648D /* Assets.xcassets in Resources */,
				50EC7D8B291BE62F0067648D /* Main.storyboard in Resources */,
			);
			runOnlyForDeploymentPostprocessing = 0;
		};
/* End PBXResourcesBuildPhase section */

/* Begin PBXSourcesBuildPhase section */
		50EC7D7C291BE62F0067648D /* Sources */ = {
			isa = PBXSourcesBuildPhase;
			buildActionMask = 2147483647;
			files = (
				50EC7DA5291BE96B0067648D /* DataStore.swift in Sources */,
				50EC7DA9291C0D6E0067648D /* PersonInfoViewController.swift in Sources */,
				50EC7D84291BE62F0067648D /* AppDelegate.swift in Sources */,
				50EC7DA7291BF5190067648D /* ContactListOneViewController.swift in Sources */,
				507DA9ED291D5F3D005BC675 /* TabBarViewController.swift in Sources */,
				50EC7D9B291BE70B0067648D /* Person.swift in Sources */,
				50EC7D86291BE62F0067648D /* SceneDelegate.swift in Sources */,
			);
			runOnlyForDeploymentPostprocessing = 0;
		};
/* End PBXSourcesBuildPhase section */

/* Begin PBXVariantGroup section */
		50EC7D89291BE62F0067648D /* Main.storyboard */ = {
			isa = PBXVariantGroup;
			children = (
				50EC7D8A291BE62F0067648D /* Base */,
			);
			name = Main.storyboard;
			sourceTree = "<group>";
		};
		50EC7D8E291BE6300067648D /* LaunchScreen.storyboard */ = {
			isa = PBXVariantGroup;
			children = (
				50EC7D8F291BE6300067648D /* Base */,
			);
			name = LaunchScreen.storyboard;
			sourceTree = "<group>";
		};
/* End PBXVariantGroup section */

/* Begin XCBuildConfiguration section */
		50EC7D92291BE6300067648D /* Debug */ = {
			isa = XCBuildConfiguration;
			buildSettings = {
				ALWAYS_SEARCH_USER_PATHS = NO;
				CLANG_ANALYZER_NONNULL = YES;
				CLANG_ANALYZER_NUMBER_OBJECT_CONVERSION = YES_AGGRESSIVE;
				CLANG_CXX_LANGUAGE_STANDARD = "gnu++20";
				CLANG_ENABLE_MODULES = YES;
				CLANG_ENABLE_OBJC_ARC = YES;
				CLANG_ENABLE_OBJC_WEAK = YES;
				CLANG_WARN_BLOCK_CAPTURE_AUTORELEASING = YES;
				CLANG_WARN_BOOL_CONVERSION = YES;
				CLANG_WARN_COMMA = YES;
				CLANG_WARN_CONSTANT_CONVERSION = YES;
				CLANG_WARN_DEPRECATED_OBJC_IMPLEMENTATIONS = YES;
				CLANG_WARN_DIRECT_OBJC_ISA_USAGE = YES_ERROR;
				CLANG_WARN_DOCUMENTATION_COMMENTS = YES;
				CLANG_WARN_EMPTY_BODY = YES;
				CLANG_WARN_ENUM_CONVERSION = YES;
				CLANG_WARN_INFINITE_RECURSION = YES;
				CLANG_WARN_INT_CONVERSION = YES;
				CLANG_WARN_NON_LITERAL_NULL_CONVERSION = YES;
				CLANG_WARN_OBJC_IMPLICIT_RETAIN_SELF = YES;
				CLANG_WARN_OBJC_LITERAL_CONVERSION = YES;
				CLANG_WARN_OBJC_ROOT_CLASS = YES_ERROR;
				CLANG_WARN_QUOTED_INCLUDE_IN_FRAMEWORK_HEADER = YES;
				CLANG_WARN_RANGE_LOOP_ANALYSIS = YES;
				CLANG_WARN_STRICT_PROTOTYPES = YES;
				CLANG_WARN_SUSPICIOUS_MOVE = YES;
				CLANG_WARN_UNGUARDED_AVAILABILITY = YES_AGGRESSIVE;
				CLANG_WARN_UNREACHABLE_CODE = YES;
				CLANG_WARN__DUPLICATE_METHOD_MATCH = YES;
				COPY_PHASE_STRIP = NO;
				DEBUG_INFORMATION_FORMAT = dwarf;
				ENABLE_STRICT_OBJC_MSGSEND = YES;
				ENABLE_TESTABILITY = YES;
				GCC_C_LANGUAGE_STANDARD = gnu11;
				GCC_DYNAMIC_NO_PIC = NO;
				GCC_NO_COMMON_BLOCKS = YES;
				GCC_OPTIMIZATION_LEVEL = 0;
				GCC_PREPROCESSOR_DEFINITIONS = (
					"DEBUG=1",
					"$(inherited)",
				);
				GCC_WARN_64_TO_32_BIT_CONVERSION = YES;
				GCC_WARN_ABOUT_RETURN_TYPE = YES_ERROR;
				GCC_WARN_UNDECLARED_SELECTOR = YES;
				GCC_WARN_UNINITIALIZED_AUTOS = YES_AGGRESSIVE;
				GCC_WARN_UNUSED_FUNCTION = YES;
				GCC_WARN_UNUSED_VARIABLE = YES;
				IPHONEOS_DEPLOYMENT_TARGET = 16.1;
				MTL_ENABLE_DEBUG_INFO = INCLUDE_SOURCE;
				MTL_FAST_MATH = YES;
				ONLY_ACTIVE_ARCH = YES;
				SDKROOT = iphoneos;
				SWIFT_ACTIVE_COMPILATION_CONDITIONS = DEBUG;
				SWIFT_OPTIMIZATION_LEVEL = "-Onone";
			};
			name = Debug;
		};
		50EC7D93291BE6300067648D /* Release */ = {
			isa = XCBuildConfiguration;
			buildSettings = {
				ALWAYS_SEARCH_USER_PATHS = NO;
				CLANG_ANALYZER_NONNULL = YES;
				CLANG_ANALYZER_NUMBER_OBJECT_CONVERSION = YES_AGGRESSIVE;
				CLANG_CXX_LANGUAGE_STANDARD = "gnu++20";
				CLANG_ENABLE_MODULES = YES;
				CLANG_ENABLE_OBJC_ARC = YES;
				CLANG_ENABLE_OBJC_WEAK = YES;
				CLANG_WARN_BLOCK_CAPTURE_AUTORELEASING = YES;
				CLANG_WARN_BOOL_CONVERSION = YES;
				CLANG_WARN_COMMA = YES;
				CLANG_WARN_CONSTANT_CONVERSION = YES;
				CLANG_WARN_DEPRECATED_OBJC_IMPLEMENTATIONS = YES;
				CLANG_WARN_DIRECT_OBJC_ISA_USAGE = YES_ERROR;
				CLANG_WARN_DOCUMENTATION_COMMENTS = YES;
				CLANG_WARN_EMPTY_BODY = YES;
				CLANG_WARN_ENUM_CONVERSION = YES;
				CLANG_WARN_INFINITE_RECURSION = YES;
				CLANG_WARN_INT_CONVERSION = YES;
				CLANG_WARN_NON_LITERAL_NULL_CONVERSION = YES;
				CLANG_WARN_OBJC_IMPLICIT_RETAIN_SELF = YES;
				CLANG_WARN_OBJC_LITERAL_CONVERSION = YES;
				CLANG_WARN_OBJC_ROOT_CLASS = YES_ERROR;
				CLANG_WARN_QUOTED_INCLUDE_IN_FRAMEWORK_HEADER = YES;
				CLANG_WARN_RANGE_LOOP_ANALYSIS = YES;
				CLANG_WARN_STRICT_PROTOTYPES = YES;
				CLANG_WARN_SUSPICIOUS_MOVE = YES;
				CLANG_WARN_UNGUARDED_AVAILABILITY = YES_AGGRESSIVE;
				CLANG_WARN_UNREACHABLE_CODE = YES;
				CLANG_WARN__DUPLICATE_METHOD_MATCH = YES;
				COPY_PHASE_STRIP = NO;
				DEBUG_INFORMATION_FORMAT = "dwarf-with-dsym";
				ENABLE_NS_ASSERTIONS = NO;
				ENABLE_STRICT_OBJC_MSGSEND = YES;
				GCC_C_LANGUAGE_STANDARD = gnu11;
				GCC_NO_COMMON_BLOCKS = YES;
				GCC_WARN_64_TO_32_BIT_CONVERSION = YES;
				GCC_WARN_ABOUT_RETURN_TYPE = YES_ERROR;
				GCC_WARN_UNDECLARED_SELECTOR = YES;
				GCC_WARN_UNINITIALIZED_AUTOS = YES_AGGRESSIVE;
				GCC_WARN_UNUSED_FUNCTION = YES;
				GCC_WARN_UNUSED_VARIABLE = YES;
				IPHONEOS_DEPLOYMENT_TARGET = 16.1;
				MTL_ENABLE_DEBUG_INFO = NO;
				MTL_FAST_MATH = YES;
				SDKROOT = iphoneos;
				SWIFT_COMPILATION_MODE = wholemodule;
				SWIFT_OPTIMIZATION_LEVEL = "-O";
				VALIDATE_PRODUCT = YES;
			};
			name = Release;
		};
		50EC7D95291BE6300067648D /* Debug */ = {
			isa = XCBuildConfiguration;
			buildSettings = {
				ASSETCATALOG_COMPILER_APPICON_NAME = AppIcon;
				ASSETCATALOG_COMPILER_GLOBAL_ACCENT_COLOR_NAME = AccentColor;
				CODE_SIGN_STYLE = Automatic;
				CURRENT_PROJECT_VERSION = 1;
				DEVELOPMENT_TEAM = PT982DDMHZ;
				GENERATE_INFOPLIST_FILE = YES;
				INFOPLIST_FILE = PersonsListApp/Info.plist;
				INFOPLIST_KEY_UIApplicationSupportsIndirectInputEvents = YES;
				INFOPLIST_KEY_UILaunchStoryboardName = LaunchScreen;
				INFOPLIST_KEY_UIMainStoryboardFile = Main;
				INFOPLIST_KEY_UISupportedInterfaceOrientations = UIInterfaceOrientationPortrait;
				INFOPLIST_KEY_UISupportedInterfaceOrientations_iPad = "UIInterfaceOrientationLandscapeLeft UIInterfaceOrientationLandscapeRight UIInterfaceOrientationPortrait UIInterfaceOrientationPortraitUpsideDown";
				LD_RUNPATH_SEARCH_PATHS = (
					"$(inherited)",
					"@executable_path/Frameworks",
				);
				MARKETING_VERSION = 1.0;
				PRODUCT_BUNDLE_IDENTIFIER = MPol.PersonsListApp;
				PRODUCT_NAME = "$(TARGET_NAME)";
				SUPPORTED_PLATFORMS = "iphoneos iphonesimulator";
				SUPPORTS_MACCATALYST = NO;
				SUPPORTS_MAC_DESIGNED_FOR_IPHONE_IPAD = NO;
				SWIFT_EMIT_LOC_STRINGS = YES;
				SWIFT_VERSION = 5.0;
				TARGETED_DEVICE_FAMILY = 1;
			};
			name = Debug;
		};
		50EC7D96291BE6300067648D /* Release */ = {
			isa = XCBuildConfiguration;
			buildSettings = {
				ASSETCATALOG_COMPILER_APPICON_NAME = AppIcon;
				ASSETCATALOG_COMPILER_GLOBAL_ACCENT_COLOR_NAME = AccentColor;
				CODE_SIGN_STYLE = Automatic;
				CURRENT_PROJECT_VERSION = 1;
				DEVELOPMENT_TEAM = PT982DDMHZ;
				GENERATE_INFOPLIST_FILE = YES;
				INFOPLIST_FILE = PersonsListApp/Info.plist;
				INFOPLIST_KEY_UIApplicationSupportsIndirectInputEvents = YES;
				INFOPLIST_KEY_UILaunchStoryboardName = LaunchScreen;
				INFOPLIST_KEY_UIMainStoryboardFile = Main;
				INFOPLIST_KEY_UISupportedInterfaceOrientations = UIInterfaceOrientationPortrait;
				INFOPLIST_KEY_UISupportedInterfaceOrientations_iPad = "UIInterfaceOrientationLandscapeLeft UIInterfaceOrientationLandscapeRight UIInterfaceOrientationPortrait UIInterfaceOrientationPortraitUpsideDown";
				LD_RUNPATH_SEARCH_PATHS = (
					"$(inherited)",
					"@executable_path/Frameworks",
				);
				MARKETING_VERSION = 1.0;
				PRODUCT_BUNDLE_IDENTIFIER = MPol.PersonsListApp;
				PRODUCT_NAME = "$(TARGET_NAME)";
				SUPPORTED_PLATFORMS = "iphoneos iphonesimulator";
				SUPPORTS_MACCATALYST = NO;
				SUPPORTS_MAC_DESIGNED_FOR_IPHONE_IPAD = NO;
				SWIFT_EMIT_LOC_STRINGS = YES;
				SWIFT_VERSION = 5.0;
				TARGETED_DEVICE_FAMILY = 1;
			};
			name = Release;
		};
/* End XCBuildConfiguration section */

/* Begin XCConfigurationList section */
		50EC7D7B291BE62F0067648D /* Build configuration list for PBXProject "PersonsListApp" */ = {
			isa = XCConfigurationList;
			buildConfigurations = (
				50EC7D92291BE6300067648D /* Debug */,
				50EC7D93291BE6300067648D /* Release */,
			);
			defaultConfigurationIsVisible = 0;
			defaultConfigurationName = Release;
		};
		50EC7D94291BE6300067648D /* Build configuration list for PBXNativeTarget "PersonsListApp" */ = {
			isa = XCConfigurationList;
			buildConfigurations = (
				50EC7D95291BE6300067648D /* Debug */,
				50EC7D96291BE6300067648D /* Release */,
			);
			defaultConfigurationIsVisible = 0;
			defaultConfigurationName = Release;
		};
/* End XCConfigurationList section */
	};
	rootObject = 50EC7D78291BE62F0067648D /* Project object */;
}
